// !$*UTF8*$!
{
	archiveVersion = 1;
	classes = {
	};
	objectVersion = 51;
	objects = {

/* Begin PBXBuildFile section */
		31FD17CA364A572F37C6E791 /* Pods_Unit_1_Unit_1UITests.framework in Frameworks */ = {isa = PBXBuildFile; fileRef = 2E748200B2DB94A0138A70C6 /* Pods_Unit_1_Unit_1UITests.framework */; };
		DC2E02D6E91AB54DC394AF0B /* Pods_Unit_1.framework in Frameworks */ = {isa = PBXBuildFile; fileRef = 74EA8D60C1D93A9C158866D6 /* Pods_Unit_1.framework */; };
		F818114CB4B68FAA908364EC /* Pods_Unit_1Tests.framework in Frameworks */ = {isa = PBXBuildFile; fileRef = A992210E97F5A97FA36FDD00 /* Pods_Unit_1Tests.framework */; };
		F833217825D3B42C003A0C83 /* MovieDetailsViewController.swift in Sources */ = {isa = PBXBuildFile; fileRef = F833217725D3B42B003A0C83 /* MovieDetailsViewController.swift */; };
		F833217D25D3BE50003A0C83 /* MovieGridViewController.swift in Sources */ = {isa = PBXBuildFile; fileRef = F833217C25D3BE50003A0C83 /* MovieGridViewController.swift */; };
		F833219A25D3CF1D003A0C83 /* MovieGridCell.swift in Sources */ = {isa = PBXBuildFile; fileRef = F833219925D3CF1D003A0C83 /* MovieGridCell.swift */; };
		F83625EA25CDF0AA0044EC08 /* AppDelegate.swift in Sources */ = {isa = PBXBuildFile; fileRef = F83625E925CDF0AA0044EC08 /* AppDelegate.swift */; };
		F83625EC25CDF0AA0044EC08 /* SceneDelegate.swift in Sources */ = {isa = PBXBuildFile; fileRef = F83625EB25CDF0AA0044EC08 /* SceneDelegate.swift */; };
		F83625F125CDF0AA0044EC08 /* Main.storyboard in Resources */ = {isa = PBXBuildFile; fileRef = F83625EF25CDF0AA0044EC08 /* Main.storyboard */; };
		F83625F325CDF0B10044EC08 /* Assets.xcassets in Resources */ = {isa = PBXBuildFile; fileRef = F83625F225CDF0B10044EC08 /* Assets.xcassets */; };
		F83625F625CDF0B10044EC08 /* LaunchScreen.storyboard in Resources */ = {isa = PBXBuildFile; fileRef = F83625F425CDF0B10044EC08 /* LaunchScreen.storyboard */; };
		F836260125CDF0B20044EC08 /* Unit_1Tests.swift in Sources */ = {isa = PBXBuildFile; fileRef = F836260025CDF0B20044EC08 /* Unit_1Tests.swift */; };
		F836260C25CDF0B20044EC08 /* Unit_1UITests.swift in Sources */ = {isa = PBXBuildFile; fileRef = F836260B25CDF0B20044EC08 /* Unit_1UITests.swift */; };
		F836262025CDF45D0044EC08 /* MoviesViewController.swift in Sources */ = {isa = PBXBuildFile; fileRef = F836261F25CDF45D0044EC08 /* MoviesViewController.swift */; };
		F880F6C125CE0E5100BDA950 /* MovieCell.swift in Sources */ = {isa = PBXBuildFile; fileRef = F880F6C025CE0E5100BDA950 /* MovieCell.swift */; };
/* End PBXBuildFile section */

/* Begin PBXContainerItemProxy section */
		F83625FD25CDF0B20044EC08 /* PBXContainerItemProxy */ = {
			isa = PBXContainerItemProxy;
			containerPortal = F83625DE25CDF0AA0044EC08 /* Project object */;
			proxyType = 1;
			remoteGlobalIDString = F83625E525CDF0AA0044EC08;
			remoteInfo = Unit_1;
		};
		F836260825CDF0B20044EC08 /* PBXContainerItemProxy */ = {
			isa = PBXContainerItemProxy;
			containerPortal = F83625DE25CDF0AA0044EC08 /* Project object */;
			proxyType = 1;
			remoteGlobalIDString = F83625E525CDF0AA0044EC08;
			remoteInfo = Unit_1;
		};
/* End PBXContainerItemProxy section */

/* Begin PBXFileReference section */
		2E748200B2DB94A0138A70C6 /* Pods_Unit_1_Unit_1UITests.framework */ = {isa = PBXFileReference; explicitFileType = wrapper.framework; includeInIndex = 0; path = Pods_Unit_1_Unit_1UITests.framework; sourceTree = BUILT_PRODUCTS_DIR; };
		39B265A64B91687194AD5E76 /* Pods-Unit_1Tests.release.xcconfig */ = {isa = PBXFileReference; includeInIndex = 1; lastKnownFileType = text.xcconfig; name = "Pods-Unit_1Tests.release.xcconfig"; path = "Target Support Files/Pods-Unit_1Tests/Pods-Unit_1Tests.release.xcconfig"; sourceTree = "<group>"; };
		3BDA3CCFC1048818296890CE /* Pods-Unit_1Tests.debug.xcconfig */ = {isa = PBXFileReference; includeInIndex = 1; lastKnownFileType = text.xcconfig; name = "Pods-Unit_1Tests.debug.xcconfig"; path = "Target Support Files/Pods-Unit_1Tests/Pods-Unit_1Tests.debug.xcconfig"; sourceTree = "<group>"; };
		74EA8D60C1D93A9C158866D6 /* Pods_Unit_1.framework */ = {isa = PBXFileReference; explicitFileType = wrapper.framework; includeInIndex = 0; path = Pods_Unit_1.framework; sourceTree = BUILT_PRODUCTS_DIR; };
		89862023776FEFD6E2509DC1 /* Pods-Unit_1-Unit_1UITests.debug.xcconfig */ = {isa = PBXFileReference; includeInIndex = 1; lastKnownFileType = text.xcconfig; name = "Pods-Unit_1-Unit_1UITests.debug.xcconfig"; path = "Target Support Files/Pods-Unit_1-Unit_1UITests/Pods-Unit_1-Unit_1UITests.debug.xcconfig"; sourceTree = "<group>"; };
		A1C48299EABADF7BF5783FD5 /* Pods-Unit_1-Unit_1UITests.release.xcconfig */ = {isa = PBXFileReference; includeInIndex = 1; lastKnownFileType = text.xcconfig; name = "Pods-Unit_1-Unit_1UITests.release.xcconfig"; path = "Target Support Files/Pods-Unit_1-Unit_1UITests/Pods-Unit_1-Unit_1UITests.release.xcconfig"; sourceTree = "<group>"; };
		A992210E97F5A97FA36FDD00 /* Pods_Unit_1Tests.framework */ = {isa = PBXFileReference; explicitFileType = wrapper.framework; includeInIndex = 0; path = Pods_Unit_1Tests.framework; sourceTree = BUILT_PRODUCTS_DIR; };
		AA088A50D2E097473807E321 /* Pods-Unit_1.release.xcconfig */ = {isa = PBXFileReference; includeInIndex = 1; lastKnownFileType = text.xcconfig; name = "Pods-Unit_1.release.xcconfig"; path = "Target Support Files/Pods-Unit_1/Pods-Unit_1.release.xcconfig"; sourceTree = "<group>"; };
		C0B905FE6A1431B2F3A74EFB /* Pods-Unit_1.debug.xcconfig */ = {isa = PBXFileReference; includeInIndex = 1; lastKnownFileType = text.xcconfig; name = "Pods-Unit_1.debug.xcconfig"; path = "Target Support Files/Pods-Unit_1/Pods-Unit_1.debug.xcconfig"; sourceTree = "<group>"; };
		F833217725D3B42B003A0C83 /* MovieDetailsViewController.swift */ = {isa = PBXFileReference; lastKnownFileType = sourcecode.swift; path = MovieDetailsViewController.swift; sourceTree = "<group>"; };
		F833217C25D3BE50003A0C83 /* MovieGridViewController.swift */ = {isa = PBXFileReference; lastKnownFileType = sourcecode.swift; path = MovieGridViewController.swift; sourceTree = "<group>"; };
		F833219925D3CF1D003A0C83 /* MovieGridCell.swift */ = {isa = PBXFileReference; lastKnownFileType = sourcecode.swift; path = MovieGridCell.swift; sourceTree = "<group>"; };
		F83625E625CDF0AA0044EC08 /* Unit_1.app */ = {isa = PBXFileReference; explicitFileType = wrapper.application; includeInIndex = 0; path = Unit_1.app; sourceTree = BUILT_PRODUCTS_DIR; };
		F83625E925CDF0AA0044EC08 /* AppDelegate.swift */ = {isa = PBXFileReference; lastKnownFileType = sourcecode.swift; path = AppDelegate.swift; sourceTree = "<group>"; };
		F83625EB25CDF0AA0044EC08 /* SceneDelegate.swift */ = {isa = PBXFileReference; lastKnownFileType = sourcecode.swift; path = SceneDelegate.swift; sourceTree = "<group>"; };
		F83625F025CDF0AA0044EC08 /* Base */ = {isa = PBXFileReference; lastKnownFileType = file.storyboard; name = Base; path = Base.lproj/Main.storyboard; sourceTree = "<group>"; };
		F83625F225CDF0B10044EC08 /* Assets.xcassets */ = {isa = PBXFileReference; lastKnownFileType = folder.assetcatalog; path = Assets.xcassets; sourceTree = "<group>"; };
		F83625F525CDF0B10044EC08 /* Base */ = {isa = PBXFileReference; lastKnownFileType = file.storyboard; name = Base; path = Base.lproj/LaunchScreen.storyboard; sourceTree = "<group>"; };
		F83625F725CDF0B10044EC08 /* Info.plist */ = {isa = PBXFileReference; lastKnownFileType = text.plist.xml; path = Info.plist; sourceTree = "<group>"; };
		F83625FC25CDF0B20044EC08 /* Unit_1Tests.xctest */ = {isa = PBXFileReference; explicitFileType = wrapper.cfbundle; includeInIndex = 0; path = Unit_1Tests.xctest; sourceTree = BUILT_PRODUCTS_DIR; };
		F836260025CDF0B20044EC08 /* Unit_1Tests.swift */ = {isa = PBXFileReference; lastKnownFileType = sourcecode.swift; path = Unit_1Tests.swift; sourceTree = "<group>"; };
		F836260225CDF0B20044EC08 /* Info.plist */ = {isa = PBXFileReference; lastKnownFileType = text.plist.xml; path = Info.plist; sourceTree = "<group>"; };
		F836260725CDF0B20044EC08 /* Unit_1UITests.xctest */ = {isa = PBXFileReference; explicitFileType = wrapper.cfbundle; includeInIndex = 0; path = Unit_1UITests.xctest; sourceTree = BUILT_PRODUCTS_DIR; };
		F836260B25CDF0B20044EC08 /* Unit_1UITests.swift */ = {isa = PBXFileReference; lastKnownFileType = sourcecode.swift; path = Unit_1UITests.swift; sourceTree = "<group>"; };
		F836260D25CDF0B20044EC08 /* Info.plist */ = {isa = PBXFileReference; lastKnownFileType = text.plist.xml; path = Info.plist; sourceTree = "<group>"; };
		F836261F25CDF45D0044EC08 /* MoviesViewController.swift */ = {isa = PBXFileReference; lastKnownFileType = sourcecode.swift; path = MoviesViewController.swift; sourceTree = "<group>"; };
		F880F6C025CE0E5100BDA950 /* MovieCell.swift */ = {isa = PBXFileReference; lastKnownFileType = sourcecode.swift; path = MovieCell.swift; sourceTree = "<group>"; };
/* End PBXFileReference section */

/* Begin PBXFrameworksBuildPhase section */
		F83625E325CDF0AA0044EC08 /* Frameworks */ = {
			isa = PBXFrameworksBuildPhase;
			buildActionMask = 2147483647;
			files = (
				DC2E02D6E91AB54DC394AF0B /* Pods_Unit_1.framework in Frameworks */,
			);
			runOnlyForDeploymentPostprocessing = 0;
		};
		F83625F925CDF0B20044EC08 /* Frameworks */ = {
			isa = PBXFrameworksBuildPhase;
			buildActionMask = 2147483647;
			files = (
				F818114CB4B68FAA908364EC /* Pods_Unit_1Tests.framework in Frameworks */,
			);
			runOnlyForDeploymentPostprocessing = 0;
		};
		F836260425CDF0B20044EC08 /* Frameworks */ = {
			isa = PBXFrameworksBuildPhase;
			buildActionMask = 2147483647;
			files = (
				31FD17CA364A572F37C6E791 /* Pods_Unit_1_Unit_1UITests.framework in Frameworks */,
			);
			runOnlyForDeploymentPostprocessing = 0;
		};
/* End PBXFrameworksBuildPhase section */

/* Begin PBXGroup section */
		5C5A7808AB4F5C047A8B77C4 /* Pods */ = {
			isa = PBXGroup;
			children = (
				C0B905FE6A1431B2F3A74EFB /* Pods-Unit_1.debug.xcconfig */,
				AA088A50D2E097473807E321 /* Pods-Unit_1.release.xcconfig */,
				89862023776FEFD6E2509DC1 /* Pods-Unit_1-Unit_1UITests.debug.xcconfig */,
				A1C48299EABADF7BF5783FD5 /* Pods-Unit_1-Unit_1UITests.release.xcconfig */,
				3BDA3CCFC1048818296890CE /* Pods-Unit_1Tests.debug.xcconfig */,
				39B265A64B91687194AD5E76 /* Pods-Unit_1Tests.release.xcconfig */,
			);
			path = Pods;
			sourceTree = "<group>";
		};
		66F5896408310F9F9182FB4C /* Frameworks */ = {
			isa = PBXGroup;
			children = (
				74EA8D60C1D93A9C158866D6 /* Pods_Unit_1.framework */,
				2E748200B2DB94A0138A70C6 /* Pods_Unit_1_Unit_1UITests.framework */,
				A992210E97F5A97FA36FDD00 /* Pods_Unit_1Tests.framework */,
			);
			name = Frameworks;
			sourceTree = "<group>";
		};
		F83625DD25CDF0A90044EC08 = {
			isa = PBXGroup;
			children = (
				F83625E825CDF0AA0044EC08 /* Unit_1 */,
				F83625FF25CDF0B20044EC08 /* Unit_1Tests */,
				F836260A25CDF0B20044EC08 /* Unit_1UITests */,
				F83625E725CDF0AA0044EC08 /* Products */,
				5C5A7808AB4F5C047A8B77C4 /* Pods */,
				66F5896408310F9F9182FB4C /* Frameworks */,
			);
			sourceTree = "<group>";
		};
		F83625E725CDF0AA0044EC08 /* Products */ = {
			isa = PBXGroup;
			children = (
				F83625E625CDF0AA0044EC08 /* Unit_1.app */,
				F83625FC25CDF0B20044EC08 /* Unit_1Tests.xctest */,
				F836260725CDF0B20044EC08 /* Unit_1UITests.xctest */,
			);
			name = Products;
			sourceTree = "<group>";
		};
		F83625E825CDF0AA0044EC08 /* Unit_1 */ = {
			isa = PBXGroup;
			children = (
				F83625E925CDF0AA0044EC08 /* AppDelegate.swift */,
				F83625EB25CDF0AA0044EC08 /* SceneDelegate.swift */,
				F83625EF25CDF0AA0044EC08 /* Main.storyboard */,
				F880F6C025CE0E5100BDA950 /* MovieCell.swift */,
				F83625F225CDF0B10044EC08 /* Assets.xcassets */,
				F83625F425CDF0B10044EC08 /* LaunchScreen.storyboard */,
				F83625F725CDF0B10044EC08 /* Info.plist */,
				F836261F25CDF45D0044EC08 /* MoviesViewController.swift */,
				F833217725D3B42B003A0C83 /* MovieDetailsViewController.swift */,
				F833217C25D3BE50003A0C83 /* MovieGridViewController.swift */,
				F833219925D3CF1D003A0C83 /* MovieGridCell.swift */,
			);
			path = Unit_1;
			sourceTree = "<group>";
		};
		F83625FF25CDF0B20044EC08 /* Unit_1Tests */ = {
			isa = PBXGroup;
			children = (
				F836260025CDF0B20044EC08 /* Unit_1Tests.swift */,
				F836260225CDF0B20044EC08 /* Info.plist */,
			);
			path = Unit_1Tests;
			sourceTree = "<group>";
		};
		F836260A25CDF0B20044EC08 /* Unit_1UITests */ = {
			isa = PBXGroup;
			children = (
				F836260B25CDF0B20044EC08 /* Unit_1UITests.swift */,
				F836260D25CDF0B20044EC08 /* Info.plist */,
			);
			path = Unit_1UITests;
			sourceTree = "<group>";
		};
/* End PBXGroup section */

/* Begin PBXNativeTarget section */
		F83625E525CDF0AA0044EC08 /* Unit_1 */ = {
			isa = PBXNativeTarget;
			buildConfigurationList = F836261025CDF0B20044EC08 /* Build configuration list for PBXNativeTarget "Unit_1" */;
			buildPhases = (
				2A52D30C507785399FBD3263 /* [CP] Check Pods Manifest.lock */,
				F83625E225CDF0AA0044EC08 /* Sources */,
				F83625E325CDF0AA0044EC08 /* Frameworks */,
				F83625E425CDF0AA0044EC08 /* Resources */,
				C4563F914840FD42AC85CB66 /* [CP] Embed Pods Frameworks */,
			);
			buildRules = (
			);
			dependencies = (
			);
			name = Unit_1;
			productName = Unit_1;
			productReference = F83625E625CDF0AA0044EC08 /* Unit_1.app */;
			productType = "com.apple.product-type.application";
		};
		F83625FB25CDF0B20044EC08 /* Unit_1Tests */ = {
			isa = PBXNativeTarget;
			buildConfigurationList = F836261325CDF0B20044EC08 /* Build configuration list for PBXNativeTarget "Unit_1Tests" */;
			buildPhases = (
				7E6AFF457C61DFF40CE9A2BD /* [CP] Check Pods Manifest.lock */,
				F83625F825CDF0B20044EC08 /* Sources */,
				F83625F925CDF0B20044EC08 /* Frameworks */,
				F83625FA25CDF0B20044EC08 /* Resources */,
			);
			buildRules = (
			);
			dependencies = (
				F83625FE25CDF0B20044EC08 /* PBXTargetDependency */,
			);
			name = Unit_1Tests;
			productName = Unit_1Tests;
			productReference = F83625FC25CDF0B20044EC08 /* Unit_1Tests.xctest */;
			productType = "com.apple.product-type.bundle.unit-test";
		};
		F836260625CDF0B20044EC08 /* Unit_1UITests */ = {
			isa = PBXNativeTarget;
			buildConfigurationList = F836261625CDF0B20044EC08 /* Build configuration list for PBXNativeTarget "Unit_1UITests" */;
			buildPhases = (
				3651388432D04FF9D0F4B85D /* [CP] Check Pods Manifest.lock */,
				F836260325CDF0B20044EC08 /* Sources */,
				F836260425CDF0B20044EC08 /* Frameworks */,
				F836260525CDF0B20044EC08 /* Resources */,
				B1DADD3F574B022747E77486 /* [CP] Embed Pods Frameworks */,
			);
			buildRules = (
			);
			dependencies = (
				F836260925CDF0B20044EC08 /* PBXTargetDependency */,
			);
			name = Unit_1UITests;
			productName = Unit_1UITests;
			productReference = F836260725CDF0B20044EC08 /* Unit_1UITests.xctest */;
			productType = "com.apple.product-type.bundle.ui-testing";
		};
/* End PBXNativeTarget section */

/* Begin PBXProject section */
		F83625DE25CDF0AA0044EC08 /* Project object */ = {
			isa = PBXProject;
			attributes = {
				LastSwiftUpdateCheck = 1230;
				LastUpgradeCheck = 1230;
				TargetAttributes = {
					F83625E525CDF0AA0044EC08 = {
						CreatedOnToolsVersion = 12.3;
					};
					F83625FB25CDF0B20044EC08 = {
						CreatedOnToolsVersion = 12.3;
						TestTargetID = F83625E525CDF0AA0044EC08;
					};
					F836260625CDF0B20044EC08 = {
						CreatedOnToolsVersion = 12.3;
						TestTargetID = F83625E525CDF0AA0044EC08;
					};
				};
			};
			buildConfigurationList = F83625E125CDF0AA0044EC08 /* Build configuration list for PBXProject "Unit_1" */;
			compatibilityVersion = "Xcode 9.3";
			developmentRegion = en;
			hasScannedForEncodings = 0;
			knownRegions = (
				en,
				Base,
			);
			mainGroup = F83625DD25CDF0A90044EC08;
			productRefGroup = F83625E725CDF0AA0044EC08 /* Products */;
			projectDirPath = "";
			projectRoot = "";
			targets = (
				F83625E525CDF0AA0044EC08 /* Unit_1 */,
				F83625FB25CDF0B20044EC08 /* Unit_1Tests */,
				F836260625CDF0B20044EC08 /* Unit_1UITests */,
			);
		};
/* End PBXProject section */

/* Begin PBXResourcesBuildPhase section */
		F83625E425CDF0AA0044EC08 /* Resources */ = {
			isa = PBXResourcesBuildPhase;
			buildActionMask = 2147483647;
			files = (
				F83625F625CDF0B10044EC08 /* LaunchScreen.storyboard in Resources */,
				F83625F325CDF0B10044EC08 /* Assets.xcassets in Resources */,
				F83625F125CDF0AA0044EC08 /* Main.storyboard in Resources */,
			);
			runOnlyForDeploymentPostprocessing = 0;
		};
		F83625FA25CDF0B20044EC08 /* Resources */ = {
			isa = PBXResourcesBuildPhase;
			buildActionMask = 2147483647;
			files = (
			);
			runOnlyForDeploymentPostprocessing = 0;
		};
		F836260525CDF0B20044EC08 /* Resources */ = {
			isa = PBXResourcesBuildPhase;
			buildActionMask = 2147483647;
			files = (
			);
			runOnlyForDeploymentPostprocessing = 0;
		};
/* End PBXResourcesBuildPhase section */

/* Begin PBXShellScriptBuildPhase section */
		2A52D30C507785399FBD3263 /* [CP] Check Pods Manifest.lock */ = {
			isa = PBXShellScriptBuildPhase;
			buildActionMask = 2147483647;
			files = (
			);
			inputFileListPaths = (
			);
			inputPaths = (
				"${PODS_PODFILE_DIR_PATH}/Podfile.lock",
				"${PODS_ROOT}/Manifest.lock",
			);
			name = "[CP] Check Pods Manifest.lock";
			outputFileListPaths = (
			);
			outputPaths = (
				"$(DERIVED_FILE_DIR)/Pods-Unit_1-checkManifestLockResult.txt",
			);
			runOnlyForDeploymentPostprocessing = 0;
			shellPath = /bin/sh;
			shellScript = "diff \"${PODS_PODFILE_DIR_PATH}/Podfile.lock\" \"${PODS_ROOT}/Manifest.lock\" > /dev/null\nif [ $? != 0 ] ; then\n    # print error to STDERR\n    echo \"error: The sandbox is not in sync with the Podfile.lock. Run 'pod install' or update your CocoaPods installation.\" >&2\n    exit 1\nfi\n# This output is used by Xcode 'outputs' to avoid re-running this script phase.\necho \"SUCCESS\" > \"${SCRIPT_OUTPUT_FILE_0}\"\n";
			showEnvVarsInLog = 0;
		};
		3651388432D04FF9D0F4B85D /* [CP] Check Pods Manifest.lock */ = {
			isa = PBXShellScriptBuildPhase;
			buildActionMask = 2147483647;
			files = (
			);
			inputFileListPaths = (
			);
			inputPaths = (
				"${PODS_PODFILE_DIR_PATH}/Podfile.lock",
				"${PODS_ROOT}/Manifest.lock",
			);
			name = "[CP] Check Pods Manifest.lock";
			outputFileListPaths = (
			);
			outputPaths = (
				"$(DERIVED_FILE_DIR)/Pods-Unit_1-Unit_1UITests-checkManifestLockResult.txt",
			);
			runOnlyForDeploymentPostprocessing = 0;
			shellPath = /bin/sh;
			shellScript = "diff \"${PODS_PODFILE_DIR_PATH}/Podfile.lock\" \"${PODS_ROOT}/Manifest.lock\" > /dev/null\nif [ $? != 0 ] ; then\n    # print error to STDERR\n    echo \"error: The sandbox is not in sync with the Podfile.lock. Run 'pod install' or update your CocoaPods installation.\" >&2\n    exit 1\nfi\n# This output is used by Xcode 'outputs' to avoid re-running this script phase.\necho \"SUCCESS\" > \"${SCRIPT_OUTPUT_FILE_0}\"\n";
			showEnvVarsInLog = 0;
		};
		7E6AFF457C61DFF40CE9A2BD /* [CP] Check Pods Manifest.lock */ = {
			isa = PBXShellScriptBuildPhase;
			buildActionMask = 2147483647;
			files = (
			);
			inputFileListPaths = (
			);
			inputPaths = (
				"${PODS_PODFILE_DIR_PATH}/Podfile.lock",
				"${PODS_ROOT}/Manifest.lock",
			);
			name = "[CP] Check Pods Manifest.lock";
			outputFileListPaths = (
			);
			outputPaths = (
				"$(DERIVED_FILE_DIR)/Pods-Unit_1Tests-checkManifestLockResult.txt",
			);
			runOnlyForDeploymentPostprocessing = 0;
			shellPath = /bin/sh;
			shellScript = "diff \"${PODS_PODFILE_DIR_PATH}/Podfile.lock\" \"${PODS_ROOT}/Manifest.lock\" > /dev/null\nif [ $? != 0 ] ; then\n    # print error to STDERR\n    echo \"error: The sandbox is not in sync with the Podfile.lock. Run 'pod install' or update your CocoaPods installation.\" >&2\n    exit 1\nfi\n# This output is used by Xcode 'outputs' to avoid re-running this script phase.\necho \"SUCCESS\" > \"${SCRIPT_OUTPUT_FILE_0}\"\n";
			showEnvVarsInLog = 0;
		};
		B1DADD3F574B022747E77486 /* [CP] Embed Pods Frameworks */ = {
			isa = PBXShellScriptBuildPhase;
			buildActionMask = 2147483647;
			files = (
			);
			inputFileListPaths = (
				"${PODS_ROOT}/Target Support Files/Pods-Unit_1-Unit_1UITests/Pods-Unit_1-Unit_1UITests-frameworks-${CONFIGURATION}-input-files.xcfilelist",
			);
			name = "[CP] Embed Pods Frameworks";
			outputFileListPaths = (
				"${PODS_ROOT}/Target Support Files/Pods-Unit_1-Unit_1UITests/Pods-Unit_1-Unit_1UITests-frameworks-${CONFIGURATION}-output-files.xcfilelist",
			);
			runOnlyForDeploymentPostprocessing = 0;
			shellPath = /bin/sh;
			shellScript = "\"${PODS_ROOT}/Target Support Files/Pods-Unit_1-Unit_1UITests/Pods-Unit_1-Unit_1UITests-frameworks.sh\"\n";
			showEnvVarsInLog = 0;
		};
		C4563F914840FD42AC85CB66 /* [CP] Embed Pods Frameworks */ = {
			isa = PBXShellScriptBuildPhase;
			buildActionMask = 2147483647;
			files = (
			);
			inputFileListPaths = (
				"${PODS_ROOT}/Target Support Files/Pods-Unit_1/Pods-Unit_1-frameworks-${CONFIGURATION}-input-files.xcfilelist",
			);
			name = "[CP] Embed Pods Frameworks";
			outputFileListPaths = (
				"${PODS_ROOT}/Target Support Files/Pods-Unit_1/Pods-Unit_1-frameworks-${CONFIGURATION}-output-files.xcfilelist",
			);
			runOnlyForDeploymentPostprocessing = 0;
			shellPath = /bin/sh;
			shellScript = "\"${PODS_ROOT}/Target Support Files/Pods-Unit_1/Pods-Unit_1-frameworks.sh\"\n";
			showEnvVarsInLog = 0;
		};
/* End PBXShellScriptBuildPhase section */

/* Begin PBXSourcesBuildPhase section */
		F83625E225CDF0AA0044EC08 /* Sources */ = {
			isa = PBXSourcesBuildPhase;
			buildActionMask = 2147483647;
			files = (
				F833217825D3B42C003A0C83 /* MovieDetailsViewController.swift in Sources */,
				F83625EA25CDF0AA0044EC08 /* AppDelegate.swift in Sources */,
				F83625EC25CDF0AA0044EC08 /* SceneDelegate.swift in Sources */,
				F880F6C125CE0E5100BDA950 /* MovieCell.swift in Sources */,
				F836262025CDF45D0044EC08 /* MoviesViewController.swift in Sources */,
				F833217D25D3BE50003A0C83 /* MovieGridViewController.swift in Sources */,
				F833219A25D3CF1D003A0C83 /* MovieGridCell.swift in Sources */,
			);
			runOnlyForDeploymentPostprocessing = 0;
		};
		F83625F825CDF0B20044EC08 /* Sources */ = {
			isa = PBXSourcesBuildPhase;
			buildActionMask = 2147483647;
			files = (
				F836260125CDF0B20044EC08 /* Unit_1Tests.swift in Sources */,
			);
			runOnlyForDeploymentPostprocessing = 0;
		};
		F836260325CDF0B20044EC08 /* Sources */ = {
			isa = PBXSourcesBuildPhase;
			buildActionMask = 2147483647;
			files = (
				F836260C25CDF0B20044EC08 /* Unit_1UITests.swift in Sources */,
			);
			runOnlyForDeploymentPostprocessing = 0;
		};
/* End PBXSourcesBuildPhase section */

/* Begin PBXTargetDependency section */
		F83625FE25CDF0B20044EC08 /* PBXTargetDependency */ = {
			isa = PBXTargetDependency;
			target = F83625E525CDF0AA0044EC08 /* Unit_1 */;
			targetProxy = F83625FD25CDF0B20044EC08 /* PBXContainerItemProxy */;
		};
		F836260925CDF0B20044EC08 /* PBXTargetDependency */ = {
			isa = PBXTargetDependency;
			target = F83625E525CDF0AA0044EC08 /* Unit_1 */;
			targetProxy = F836260825CDF0B20044EC08 /* PBXContainerItemProxy */;
		};
/* End PBXTargetDependency section */

/* Begin PBXVariantGroup section */
		F83625EF25CDF0AA0044EC08 /* Main.storyboard */ = {
			isa = PBXVariantGroup;
			children = (
				F83625F025CDF0AA0044EC08 /* Base */,
			);
			name = Main.storyboard;
			sourceTree = "<group>";
		};
		F83625F425CDF0B10044EC08 /* LaunchScreen.storyboard */ = {
			isa = PBXVariantGroup;
			children = (
				F83625F525CDF0B10044EC08 /* Base */,
			);
			name = LaunchScreen.storyboard;
			sourceTree = "<group>";
		};
/* End PBXVariantGroup section */

/* Begin XCBuildConfiguration section */
		F836260E25CDF0B20044EC08 /* Debug */ = {
			isa = XCBuildConfiguration;
			buildSettings = {
				ALWAYS_SEARCH_USER_PATHS = NO;
				CLANG_ANALYZER_NONNULL = YES;
				CLANG_ANALYZER_NUMBER_OBJECT_CONVERSION = YES_AGGRESSIVE;
				CLANG_CXX_LANGUAGE_STANDARD = "gnu++14";
				CLANG_CXX_LIBRARY = "libc++";
				CLANG_ENABLE_MODULES = YES;
				CLANG_ENABLE_OBJC_ARC = YES;
				CLANG_ENABLE_OBJC_WEAK = YES;
				CLANG_WARN_BLOCK_CAPTURE_AUTORELEASING = YES;
				CLANG_WARN_BOOL_CONVERSION = YES;
				CLANG_WARN_COMMA = YES;
				CLANG_WARN_CONSTANT_CONVERSION = YES;
				CLANG_WARN_DEPRECATED_OBJC_IMPLEMENTATIONS = YES;
				CLANG_WARN_DIRECT_OBJC_ISA_USAGE = YES_ERROR;
				CLANG_WARN_DOCUMENTATION_COMMENTS = YES;
				CLANG_WARN_EMPTY_BODY = YES;
				CLANG_WARN_ENUM_CONVERSION = YES;
				CLANG_WARN_INFINITE_RECURSION = YES;
				CLANG_WARN_INT_CONVERSION = YES;
				CLANG_WARN_NON_LITERAL_NULL_CONVERSION = YES;
				CLANG_WARN_OBJC_IMPLICIT_RETAIN_SELF = YES;
				CLANG_WARN_OBJC_LITERAL_CONVERSION = YES;
				CLANG_WARN_OBJC_ROOT_CLASS = YES_ERROR;
				CLANG_WARN_QUOTED_INCLUDE_IN_FRAMEWORK_HEADER = YES;
				CLANG_WARN_RANGE_LOOP_ANALYSIS = YES;
				CLANG_WARN_STRICT_PROTOTYPES = YES;
				CLANG_WARN_SUSPICIOUS_MOVE = YES;
				CLANG_WARN_UNGUARDED_AVAILABILITY = YES_AGGRESSIVE;
				CLANG_WARN_UNREACHABLE_CODE = YES;
				CLANG_WARN__DUPLICATE_METHOD_MATCH = YES;
				COPY_PHASE_STRIP = NO;
				DEBUG_INFORMATION_FORMAT = dwarf;
				ENABLE_STRICT_OBJC_MSGSEND = YES;
				ENABLE_TESTABILITY = YES;
				GCC_C_LANGUAGE_STANDARD = gnu11;
				GCC_DYNAMIC_NO_PIC = NO;
				GCC_NO_COMMON_BLOCKS = YES;
				GCC_OPTIMIZATION_LEVEL = 0;
				GCC_PREPROCESSOR_DEFINITIONS = (
					"DEBUG=1",
					"$(inherited)",
				);
				GCC_WARN_64_TO_32_BIT_CONVERSION = YES;
				GCC_WARN_ABOUT_RETURN_TYPE = YES_ERROR;
				GCC_WARN_UNDECLARED_SELECTOR = YES;
				GCC_WARN_UNINITIALIZED_AUTOS = YES_AGGRESSIVE;
				GCC_WARN_UNUSED_FUNCTION = YES;
				GCC_WARN_UNUSED_VARIABLE = YES;
				IPHONEOS_DEPLOYMENT_TARGET = 14.3;
				MTL_ENABLE_DEBUG_INFO = INCLUDE_SOURCE;
				MTL_FAST_MATH = YES;
				ONLY_ACTIVE_ARCH = YES;
				SDKROOT = iphoneos;
				SWIFT_ACTIVE_COMPILATION_CONDITIONS = DEBUG;
				SWIFT_OPTIMIZATION_LEVEL = "-Onone";
			};
			name = Debug;
		};
		F836260F25CDF0B20044EC08 /* Release */ = {
			isa = XCBuildConfiguration;
			buildSettings = {
				ALWAYS_SEARCH_USER_PATHS = NO;
				CLANG_ANALYZER_NONNULL = YES;
				CLANG_ANALYZER_NUMBER_OBJECT_CONVERSION = YES_AGGRESSIVE;
				CLANG_CXX_LANGUAGE_STANDARD = "gnu++14";
				CLANG_CXX_LIBRARY = "libc++";
				CLANG_ENABLE_MODULES = YES;
				CLANG_ENABLE_OBJC_ARC = YES;
				CLANG_ENABLE_OBJC_WEAK = YES;
				CLANG_WARN_BLOCK_CAPTURE_AUTORELEASING = YES;
				CLANG_WARN_BOOL_CONVERSION = YES;
				CLANG_WARN_COMMA = YES;
				CLANG_WARN_CONSTANT_CONVERSION = YES;
				CLANG_WARN_DEPRECATED_OBJC_IMPLEMENTATIONS = YES;
				CLANG_WARN_DIRECT_OBJC_ISA_USAGE = YES_ERROR;
				CLANG_WARN_DOCUMENTATION_COMMENTS = YES;
				CLANG_WARN_EMPTY_BODY = YES;
				CLANG_WARN_ENUM_CONVERSION = YES;
				CLANG_WARN_INFINITE_RECURSION = YES;
				CLANG_WARN_INT_CONVERSION = YES;
				CLANG_WARN_NON_LITERAL_NULL_CONVERSION = YES;
				CLANG_WARN_OBJC_IMPLICIT_RETAIN_SELF = YES;
				CLANG_WARN_OBJC_LITERAL_CONVERSION = YES;
				CLANG_WARN_OBJC_ROOT_CLASS = YES_ERROR;
				CLANG_WARN_QUOTED_INCLUDE_IN_FRAMEWORK_HEADER = YES;
				CLANG_WARN_RANGE_LOOP_ANALYSIS = YES;
				CLANG_WARN_STRICT_PROTOTYPES = YES;
				CLANG_WARN_SUSPICIOUS_MOVE = YES;
				CLANG_WARN_UNGUARDED_AVAILABILITY = YES_AGGRESSIVE;
				CLANG_WARN_UNREACHABLE_CODE = YES;
				CLANG_WARN__DUPLICATE_METHOD_MATCH = YES;
				COPY_PHASE_STRIP = NO;
				DEBUG_INFORMATION_FORMAT = "dwarf-with-dsym";
				ENABLE_NS_ASSERTIONS = NO;
				ENABLE_STRICT_OBJC_MSGSEND = YES;
				GCC_C_LANGUAGE_STANDARD = gnu11;
				GCC_NO_COMMON_BLOCKS = YES;
				GCC_WARN_64_TO_32_BIT_CONVERSION = YES;
				GCC_WARN_ABOUT_RETURN_TYPE = YES_ERROR;
				GCC_WARN_UNDECLARED_SELECTOR = YES;
				GCC_WARN_UNINITIALIZED_AUTOS = YES_AGGRESSIVE;
				GCC_WARN_UNUSED_FUNCTION = YES;
				GCC_WARN_UNUSED_VARIABLE = YES;
				IPHONEOS_DEPLOYMENT_TARGET = 14.3;
				MTL_ENABLE_DEBUG_INFO = NO;
				MTL_FAST_MATH = YES;
				SDKROOT = iphoneos;
				SWIFT_COMPILATION_MODE = wholemodule;
				SWIFT_OPTIMIZATION_LEVEL = "-O";
				VALIDATE_PRODUCT = YES;
			};
			name = Release;
		};
		F836261125CDF0B20044EC08 /* Debug */ = {
			isa = XCBuildConfiguration;
			baseConfigurationReference = C0B905FE6A1431B2F3A74EFB /* Pods-Unit_1.debug.xcconfig */;
			buildSettings = {
				ASSETCATALOG_COMPILER_APPICON_NAME = AppIcon;
				ASSETCATALOG_COMPILER_GLOBAL_ACCENT_COLOR_NAME = AccentColor;
				CODE_SIGN_STYLE = Automatic;
				INFOPLIST_FILE = Unit_1/Info.plist;
				LD_RUNPATH_SEARCH_PATHS = (
					"$(inherited)",
					"@executable_path/Frameworks",
				);
				PRODUCT_BUNDLE_IDENTIFIER = "com.kevin.Unit-1";
				PRODUCT_NAME = "$(TARGET_NAME)";
				SWIFT_VERSION = 5.0;
				TARGETED_DEVICE_FAMILY = "1,2";
			};
			name = Debug;
		};
		F836261225CDF0B20044EC08 /* Release */ = {
			isa = XCBuildConfiguration;
			baseConfigurationReference = AA088A50D2E097473807E321 /* Pods-Unit_1.release.xcconfig */;
			buildSettings = {
				ASSETCATALOG_COMPILER_APPICON_NAME = AppIcon;
				ASSETCATALOG_COMPILER_GLOBAL_ACCENT_COLOR_NAME = AccentColor;
				CODE_SIGN_STYLE = Automatic;
				INFOPLIST_FILE = Unit_1/Info.plist;
				LD_RUNPATH_SEARCH_PATHS = (
					"$(inherited)",
					"@executable_path/Frameworks",
				);
				PRODUCT_BUNDLE_IDENTIFIER = "com.kevin.Unit-1";
				PRODUCT_NAME = "$(TARGET_NAME)";
				SWIFT_VERSION = 5.0;
				TARGETED_DEVICE_FAMILY = "1,2";
			};
			name = Release;
		};
		F836261425CDF0B20044EC08 /* Debug */ = {
			isa = XCBuildConfiguration;
			baseConfigurationReference = 3BDA3CCFC1048818296890CE /* Pods-Unit_1Tests.debug.xcconfig */;
			buildSettings = {
				ALWAYS_EMBED_SWIFT_STANDARD_LIBRARIES = YES;
				BUNDLE_LOADER = "$(TEST_HOST)";
				CODE_SIGN_STYLE = Automatic;
				INFOPLIST_FILE = Unit_1Tests/Info.plist;
				IPHONEOS_DEPLOYMENT_TARGET = 14.3;
				LD_RUNPATH_SEARCH_PATHS = (
					"$(inherited)",
					"@executable_path/Frameworks",
					"@loader_path/Frameworks",
				);
				PRODUCT_BUNDLE_IDENTIFIER = "com.kevin.Unit-1Tests";
				PRODUCT_NAME = "$(TARGET_NAME)";
				SWIFT_VERSION = 5.0;
				TARGETED_DEVICE_FAMILY = "1,2";
				TEST_HOST = "$(BUILT_PRODUCTS_DIR)/Unit_1.app/Unit_1";
			};
			name = Debug;
		};
		F836261525CDF0B20044EC08 /* Release */ = {
			isa = XCBuildConfiguration;
			baseConfigurationReference = 39B265A64B91687194AD5E76 /* Pods-Unit_1Tests.release.xcconfig */;
			buildSettings = {
				ALWAYS_EMBED_SWIFT_STANDARD_LIBRARIES = YES;
				BUNDLE_LOADER = "$(TEST_HOST)";
				CODE_SIGN_STYLE = Automatic;
				INFOPLIST_FILE = Unit_1Tests/Info.plist;
				IPHONEOS_DEPLOYMENT_TARGET = 14.3;
				LD_RUNPATH_SEARCH_PATHS = (
					"$(inherited)",
					"@executable_path/Frameworks",
					"@loader_path/Frameworks",
				);
				PRODUCT_BUNDLE_IDENTIFIER = "com.kevin.Unit-1Tests";
				PRODUCT_NAME = "$(TARGET_NAME)";
				SWIFT_VERSION = 5.0;
				TARGETED_DEVICE_FAMILY = "1,2";
				TEST_HOST = "$(BUILT_PRODUCTS_DIR)/Unit_1.app/Unit_1";
			};
			name = Release;
		};
		F836261725CDF0B20044EC08 /* Debug */ = {
			isa = XCBuildConfiguration;
			baseConfigurationReference = 89862023776FEFD6E2509DC1 /* Pods-Unit_1-Unit_1UITests.debug.xcconfig */;
			buildSettings = {
				ALWAYS_EMBED_SWIFT_STANDARD_LIBRARIES = YES;
				CODE_SIGN_STYLE = Automatic;
				INFOPLIST_FILE = Unit_1UITests/Info.plist;
				LD_RUNPATH_SEARCH_PATHS = (
					"$(inherited)",
					"@executable_path/Frameworks",
					"@loader_path/Frameworks",
				);
				PRODUCT_BUNDLE_IDENTIFIER = "com.kevin.Unit-1UITests";
				PRODUCT_NAME = "$(TARGET_NAME)";
				SWIFT_VERSION = 5.0;
				TARGETED_DEVICE_FAMILY = "1,2";
				TEST_TARGET_NAME = Unit_1;
			};
			name = Debug;
		};
		F836261825CDF0B20044EC08 /* Release */ = {
			isa = XCBuildConfiguration;
			baseConfigurationReference = A1C48299EABADF7BF5783FD5 /* Pods-Unit_1-Unit_1UITests.release.xcconfig */;
			buildSettings = {
				ALWAYS_EMBED_SWIFT_STANDARD_LIBRARIES = YES;
				CODE_SIGN_STYLE = Automatic;
				INFOPLIST_FILE = Unit_1UITests/Info.plist;
				LD_RUNPATH_SEARCH_PATHS = (
					"$(inherited)",
					"@executable_path/Frameworks",
					"@loader_path/Frameworks",
				);
				PRODUCT_BUNDLE_IDENTIFIER = "com.kevin.Unit-1UITests";
				PRODUCT_NAME = "$(TARGET_NAME)";
				SWIFT_VERSION = 5.0;
				TARGETED_DEVICE_FAMILY = "1,2";
				TEST_TARGET_NAME = Unit_1;
			};
			name = Release;
		};
/* End XCBuildConfiguration section */

/* Begin XCConfigurationList section */
		F83625E125CDF0AA0044EC08 /* Build configuration list for PBXProject "Unit_1" */ = {
			isa = XCConfigurationList;
			buildConfigurations = (
				F836260E25CDF0B20044EC08 /* Debug */,
				F836260F25CDF0B20044EC08 /* Release */,
			);
			defaultConfigurationIsVisible = 0;
			defaultConfigurationName = Release;
		};
		F836261025CDF0B20044EC08 /* Build configuration list for PBXNativeTarget "Unit_1" */ = {
			isa = XCConfigurationList;
			buildConfigurations = (
				F836261125CDF0B20044EC08 /* Debug */,
				F836261225CDF0B20044EC08 /* Release */,
			);
			defaultConfigurationIsVisible = 0;
			defaultConfigurationName = Release;
		};
		F836261325CDF0B20044EC08 /* Build configuration list for PBXNativeTarget "Unit_1Tests" */ = {
			isa = XCConfigurationList;
			buildConfigurations = (
				F836261425CDF0B20044EC08 /* Debug */,
				F836261525CDF0B20044EC08 /* Release */,
			);
			defaultConfigurationIsVisible = 0;
			defaultConfigurationName = Release;
		};
		F836261625CDF0B20044EC08 /* Build configuration list for PBXNativeTarget "Unit_1UITests" */ = {
			isa = XCConfigurationList;
			buildConfigurations = (
				F836261725CDF0B20044EC08 /* Debug */,
				F836261825CDF0B20044EC08 /* Release */,
			);
			defaultConfigurationIsVisible = 0;
			defaultConfigurationName = Release;
		};
/* End XCConfigurationList section */
	};
	rootObject = F83625DE25CDF0AA0044EC08 /* Project object */;
}
